{
  "lib/forge-std": {
    "branch": {
      "name": "v1",
      "rev": "1801b0541f4fda118a10798fd3486bb7051c5dd6"
    }
  },
  "lib/openzeppelin-contracts-upgradeable": {
    "branch": {
      "name": "release-v5.3",
      "rev": "60b305a8f3ff0c7688f02ac470417b6bbf1c4d27"
    }
  },
  "lib/safe-utils": {
    "tag": {
      "name": "v0.0.19",
      "rev": "5310d6cd9c9d3146decfa3f8a17ac3edbeb40ca4"
    }
  }
}